// !$*UTF8*$!
{
	archiveVersion = 1;
	classes = {
	};
	objectVersion = 55;
	objects = {

/* Begin PBXBuildFile section */
		A07F44A22A7E738F00D393BB /* MoonshotApp.swift in Sources */ = {isa = PBXBuildFile; fileRef = A07F44A12A7E738F00D393BB /* MoonshotApp.swift */; };
		A07F44A42A7E738F00D393BB /* ContentView.swift in Sources */ = {isa = PBXBuildFile; fileRef = A07F44A32A7E738F00D393BB /* ContentView.swift */; };
		A07F44A62A7E739000D393BB /* Assets.xcassets in Resources */ = {isa = PBXBuildFile; fileRef = A07F44A52A7E739000D393BB /* Assets.xcassets */; };
		A07F44A92A7E739000D393BB /* Preview Assets.xcassets in Resources */ = {isa = PBXBuildFile; fileRef = A07F44A82A7E739000D393BB /* Preview Assets.xcassets */; };
		A0C2A98C2A7FD32900DE67E2 /* AstronautView.swift in Sources */ = {isa = PBXBuildFile; fileRef = A0C2A98B2A7FD32900DE67E2 /* AstronautView.swift */; };
		A0C2A98E2A7FD6E800DE67E2 /* CrewView.swift in Sources */ = {isa = PBXBuildFile; fileRef = A0C2A98D2A7FD6E800DE67E2 /* CrewView.swift */; };
		A0C2A9902A7FD74100DE67E2 /* CrewMember.swift in Sources */ = {isa = PBXBuildFile; fileRef = A0C2A98F2A7FD74100DE67E2 /* CrewMember.swift */; };
		A0C2A9922A7FD9CE00DE67E2 /* GridLayout.swift in Sources */ = {isa = PBXBuildFile; fileRef = A0C2A9912A7FD9CE00DE67E2 /* GridLayout.swift */; };
		A0C2A9942A7FDAF000DE67E2 /* ListLayout.swift in Sources */ = {isa = PBXBuildFile; fileRef = A0C2A9932A7FDAF000DE67E2 /* ListLayout.swift */; };
		A0C5E1982A7E752D00808C4F /* Astronout.swift in Sources */ = {isa = PBXBuildFile; fileRef = A0C5E1972A7E752D00808C4F /* Astronout.swift */; };
		A0C5E19A2A7E75CD00808C4F /* Bundler-decodable.swift in Sources */ = {isa = PBXBuildFile; fileRef = A0C5E1992A7E75CD00808C4F /* Bundler-decodable.swift */; };
		A0C5E19C2A7E7B7200808C4F /* Mission.swift in Sources */ = {isa = PBXBuildFile; fileRef = A0C5E19B2A7E7B7200808C4F /* Mission.swift */; };
		A0C5E19F2A7E80C700808C4F /* missions.json in Resources */ = {isa = PBXBuildFile; fileRef = A0C5E19D2A7E80C700808C4F /* missions.json */; };
		A0C5E1A02A7E80C700808C4F /* astronauts.json in Resources */ = {isa = PBXBuildFile; fileRef = A0C5E19E2A7E80C700808C4F /* astronauts.json */; };
		A0C5E1A52A7E94C200808C4F /* Color-Theme.swift in Sources */ = {isa = PBXBuildFile; fileRef = A0C5E1A42A7E94C200808C4F /* Color-Theme.swift */; };
		A0C5E1A72A7E9A6700808C4F /* MissionView.swift in Sources */ = {isa = PBXBuildFile; fileRef = A0C5E1A62A7E9A6700808C4F /* MissionView.swift */; };
/* End PBXBuildFile section */

/* Begin PBXFileReference section */
		A07F449E2A7E738F00D393BB /* Moonshot.app */ = {isa = PBXFileReference; explicitFileType = wrapper.application; includeInIndex = 0; path = Moonshot.app; sourceTree = BUILT_PRODUCTS_DIR; };
		A07F44A12A7E738F00D393BB /* MoonshotApp.swift */ = {isa = PBXFileReference; lastKnownFileType = sourcecode.swift; path = MoonshotApp.swift; sourceTree = "<group>"; };
		A07F44A32A7E738F00D393BB /* ContentView.swift */ = {isa = PBXFileReference; lastKnownFileType = sourcecode.swift; path = ContentView.swift; sourceTree = "<group>"; };
		A07F44A52A7E739000D393BB /* Assets.xcassets */ = {isa = PBXFileReference; lastKnownFileType = folder.assetcatalog; path = Assets.xcassets; sourceTree = "<group>"; };
		A07F44A82A7E739000D393BB /* Preview Assets.xcassets */ = {isa = PBXFileReference; lastKnownFileType = folder.assetcatalog; path = "Preview Assets.xcassets"; sourceTree = "<group>"; };
		A0C2A98B2A7FD32900DE67E2 /* AstronautView.swift */ = {isa = PBXFileReference; lastKnownFileType = sourcecode.swift; path = AstronautView.swift; sourceTree = "<group>"; };
		A0C2A98D2A7FD6E800DE67E2 /* CrewView.swift */ = {isa = PBXFileReference; lastKnownFileType = sourcecode.swift; path = CrewView.swift; sourceTree = "<group>"; };
		A0C2A98F2A7FD74100DE67E2 /* CrewMember.swift */ = {isa = PBXFileReference; lastKnownFileType = sourcecode.swift; path = CrewMember.swift; sourceTree = "<group>"; };
		A0C2A9912A7FD9CE00DE67E2 /* GridLayout.swift */ = {isa = PBXFileReference; lastKnownFileType = sourcecode.swift; path = GridLayout.swift; sourceTree = "<group>"; };
		A0C2A9932A7FDAF000DE67E2 /* ListLayout.swift */ = {isa = PBXFileReference; lastKnownFileType = sourcecode.swift; path = ListLayout.swift; sourceTree = "<group>"; };
		A0C5E1972A7E752D00808C4F /* Astronout.swift */ = {isa = PBXFileReference; lastKnownFileType = sourcecode.swift; path = Astronout.swift; sourceTree = "<group>"; };
		A0C5E1992A7E75CD00808C4F /* Bundler-decodable.swift */ = {isa = PBXFileReference; lastKnownFileType = sourcecode.swift; path = "Bundler-decodable.swift"; sourceTree = "<group>"; };
		A0C5E19B2A7E7B7200808C4F /* Mission.swift */ = {isa = PBXFileReference; lastKnownFileType = sourcecode.swift; path = Mission.swift; sourceTree = "<group>"; };
		A0C5E19D2A7E80C700808C4F /* missions.json */ = {isa = PBXFileReference; fileEncoding = 4; lastKnownFileType = text.json; path = missions.json; sourceTree = "<group>"; };
		A0C5E19E2A7E80C700808C4F /* astronauts.json */ = {isa = PBXFileReference; fileEncoding = 4; lastKnownFileType = text.json; path = astronauts.json; sourceTree = "<group>"; };
		A0C5E1A42A7E94C200808C4F /* Color-Theme.swift */ = {isa = PBXFileReference; lastKnownFileType = sourcecode.swift; path = "Color-Theme.swift"; sourceTree = "<group>"; };
		A0C5E1A62A7E9A6700808C4F /* MissionView.swift */ = {isa = PBXFileReference; lastKnownFileType = sourcecode.swift; path = MissionView.swift; sourceTree = "<group>"; };
/* End PBXFileReference section */

/* Begin PBXFrameworksBuildPhase section */
		A07F449B2A7E738F00D393BB /* Frameworks */ = {
			isa = PBXFrameworksBuildPhase;
			buildActionMask = 2147483647;
			files = (
			);
			runOnlyForDeploymentPostprocessing = 0;
		};
/* End PBXFrameworksBuildPhase section */

/* Begin PBXGroup section */
		A07F44952A7E738F00D393BB = {
			isa = PBXGroup;
			children = (
				A07F44A02A7E738F00D393BB /* Moonshot */,
				A07F449F2A7E738F00D393BB /* Products */,
			);
			sourceTree = "<group>";
		};
		A07F449F2A7E738F00D393BB /* Products */ = {
			isa = PBXGroup;
			children = (
				A07F449E2A7E738F00D393BB /* Moonshot.app */,
			);
			name = Products;
			sourceTree = "<group>";
		};
		A07F44A02A7E738F00D393BB /* Moonshot */ = {
			isa = PBXGroup;
			children = (
				A07F44A12A7E738F00D393BB /* MoonshotApp.swift */,
				A07F44A32A7E738F00D393BB /* ContentView.swift */,
				A0C2A9962A7FDBAE00DE67E2 /* Views */,
				A0C5E1A12A7E934B00808C4F /* JSON */,
				A0C5E1A22A7E935100808C4F /* Models */,
				A0C5E1A32A7E935900808C4F /* Helpes */,
				A07F44A52A7E739000D393BB /* Assets.xcassets */,
				A07F44A72A7E739000D393BB /* Preview Content */,
			);
			path = Moonshot;
			sourceTree = "<group>";
		};
		A07F44A72A7E739000D393BB /* Preview Content */ = {
			isa = PBXGroup;
			children = (
				A07F44A82A7E739000D393BB /* Preview Assets.xcassets */,
			);
			path = "Preview Content";
			sourceTree = "<group>";
		};
		A0C2A9952A7FDB1400DE67E2 /* Layouts */ = {
			isa = PBXGroup;
			children = (
				A0C2A9932A7FDAF000DE67E2 /* ListLayout.swift */,
				A0C2A9912A7FD9CE00DE67E2 /* GridLayout.swift */,
			);
			path = Layouts;
			sourceTree = "<group>";
		};
		A0C2A9962A7FDBAE00DE67E2 /* Views */ = {
			isa = PBXGroup;
			children = (
				A0C2A9952A7FDB1400DE67E2 /* Layouts */,
				A0C5E1A62A7E9A6700808C4F /* MissionView.swift */,
				A0C2A98D2A7FD6E800DE67E2 /* CrewView.swift */,
				A0C2A98B2A7FD32900DE67E2 /* AstronautView.swift */,
			);
			path = Views;
			sourceTree = "<group>";
		};
		A0C5E1A12A7E934B00808C4F /* JSON */ = {
			isa = PBXGroup;
			children = (
				A0C5E19E2A7E80C700808C4F /* astronauts.json */,
				A0C5E19D2A7E80C700808C4F /* missions.json */,
			);
			path = JSON;
			sourceTree = "<group>";
		};
		A0C5E1A22A7E935100808C4F /* Models */ = {
			isa = PBXGroup;
			children = (
				A0C5E19B2A7E7B7200808C4F /* Mission.swift */,
				A0C5E1972A7E752D00808C4F /* Astronout.swift */,
				A0C2A98F2A7FD74100DE67E2 /* CrewMember.swift */,
			);
			path = Models;
			sourceTree = "<group>";
		};
		A0C5E1A32A7E935900808C4F /* Helpes */ = {
			isa = PBXGroup;
			children = (
				A0C5E1A42A7E94C200808C4F /* Color-Theme.swift */,
				A0C5E1992A7E75CD00808C4F /* Bundler-decodable.swift */,
			);
			path = Helpes;
			sourceTree = "<group>";
		};
/* End PBXGroup section */

/* Begin PBXNativeTarget section */
		A07F449D2A7E738F00D393BB /* Moonshot */ = {
			isa = PBXNativeTarget;
			buildConfigurationList = A07F44AC2A7E739000D393BB /* Build configuration list for PBXNativeTarget "Moonshot" */;
			buildPhases = (
				A07F449A2A7E738F00D393BB /* Sources */,
				A07F449B2A7E738F00D393BB /* Frameworks */,
				A07F449C2A7E738F00D393BB /* Resources */,
			);
			buildRules = (
			);
			dependencies = (
			);
			name = Moonshot;
			productName = Moonshot;
			productReference = A07F449E2A7E738F00D393BB /* Moonshot.app */;
			productType = "com.apple.product-type.application";
		};
/* End PBXNativeTarget section */

/* Begin PBXProject section */
		A07F44962A7E738F00D393BB /* Project object */ = {
			isa = PBXProject;
			attributes = {
				BuildIndependentTargetsInParallel = 1;
				LastSwiftUpdateCheck = 1430;
				LastUpgradeCheck = 1430;
				TargetAttributes = {
					A07F449D2A7E738F00D393BB = {
						CreatedOnToolsVersion = 14.3.1;
					};
				};
			};
			buildConfigurationList = A07F44992A7E738F00D393BB /* Build configuration list for PBXProject "Moonshot" */;
			compatibilityVersion = "Xcode 13.0";
			developmentRegion = en;
			hasScannedForEncodings = 0;
			knownRegions = (
				en,
				Base,
			);
			mainGroup = A07F44952A7E738F00D393BB;
			productRefGroup = A07F449F2A7E738F00D393BB /* Products */;
			projectDirPath = "";
			projectRoot = "";
			targets = (
				A07F449D2A7E738F00D393BB /* Moonshot */,
			);
		};
/* End PBXProject section */

/* Begin PBXResourcesBuildPhase section */
		A07F449C2A7E738F00D393BB /* Resources */ = {
			isa = PBXResourcesBuildPhase;
			buildActionMask = 2147483647;
			files = (
				A07F44A92A7E739000D393BB /* Preview Assets.xcassets in Resources */,
				A0C5E19F2A7E80C700808C4F /* missions.json in Resources */,
				A07F44A62A7E739000D393BB /* Assets.xcassets in Resources */,
				A0C5E1A02A7E80C700808C4F /* astronauts.json in Resources */,
			);
			runOnlyForDeploymentPostprocessing = 0;
		};
/* End PBXResourcesBuildPhase section */

/* Begin PBXSourcesBuildPhase section */
		A07F449A2A7E738F00D393BB /* Sources */ = {
			isa = PBXSourcesBuildPhase;
			buildActionMask = 2147483647;
			files = (
				A0C5E1A72A7E9A6700808C4F /* MissionView.swift in Sources */,
				A0C2A98E2A7FD6E800DE67E2 /* CrewView.swift in Sources */,
				A07F44A42A7E738F00D393BB /* ContentView.swift in Sources */,
				A0C2A98C2A7FD32900DE67E2 /* AstronautView.swift in Sources */,
				A0C2A9902A7FD74100DE67E2 /* CrewMember.swift in Sources */,
				A0C5E1A52A7E94C200808C4F /* Color-Theme.swift in Sources */,
				A07F44A22A7E738F00D393BB /* MoonshotApp.swift in Sources */,
				A0C5E1982A7E752D00808C4F /* Astronout.swift in Sources */,
				A0C5E19C2A7E7B7200808C4F /* Mission.swift in Sources */,
				A0C2A9942A7FDAF000DE67E2 /* ListLayout.swift in Sources */,
				A0C5E19A2A7E75CD00808C4F /* Bundler-decodable.swift in Sources */,
				A0C2A9922A7FD9CE00DE67E2 /* GridLayout.swift in Sources */,
			);
			runOnlyForDeploymentPostprocessing = 0;
		};
/* End PBXSourcesBuildPhase section */

/* Begin XCBuildConfiguration section */
		A07F44AA2A7E739000D393BB /* Debug */ = {
			isa = XCBuildConfiguration;
			buildSettings = {
				ALWAYS_SEARCH_USER_PATHS = NO;
				CLANG_ANALYZER_NONNULL = YES;
				CLANG_ANALYZER_NUMBER_OBJECT_CONVERSION = YES_AGGRESSIVE;
				CLANG_CXX_LANGUAGE_STANDARD = "gnu++20";
				CLANG_ENABLE_MODULES = YES;
				CLANG_ENABLE_OBJC_ARC = YES;
				CLANG_ENABLE_OBJC_WEAK = YES;
				CLANG_WARN_BLOCK_CAPTURE_AUTORELEASING = YES;
				CLANG_WARN_BOOL_CONVERSION = YES;
				CLANG_WARN_COMMA = YES;
				CLANG_WARN_CONSTANT_CONVERSION = YES;
				CLANG_WARN_DEPRECATED_OBJC_IMPLEMENTATIONS = YES;
				CLANG_WARN_DIRECT_OBJC_ISA_USAGE = YES_ERROR;
				CLANG_WARN_DOCUMENTATION_COMMENTS = YES;
				CLANG_WARN_EMPTY_BODY = YES;
				CLANG_WARN_ENUM_CONVERSION = YES;
				CLANG_WARN_INFINITE_RECURSION = YES;
				CLANG_WARN_INT_CONVERSION = YES;
				CLANG_WARN_NON_LITERAL_NULL_CONVERSION = YES;
				CLANG_WARN_OBJC_IMPLICIT_RETAIN_SELF = YES;
				CLANG_WARN_OBJC_LITERAL_CONVERSION = YES;
				CLANG_WARN_OBJC_ROOT_CLASS = YES_ERROR;
				CLANG_WARN_QUOTED_INCLUDE_IN_FRAMEWORK_HEADER = YES;
				CLANG_WARN_RANGE_LOOP_ANALYSIS = YES;
				CLANG_WARN_STRICT_PROTOTYPES = YES;
				CLANG_WARN_SUSPICIOUS_MOVE = YES;
				CLANG_WARN_UNGUARDED_AVAILABILITY = YES_AGGRESSIVE;
				CLANG_WARN_UNREACHABLE_CODE = YES;
				CLANG_WARN__DUPLICATE_METHOD_MATCH = YES;
				COPY_PHASE_STRIP = NO;
				DEBUG_INFORMATION_FORMAT = dwarf;
				ENABLE_STRICT_OBJC_MSGSEND = YES;
				ENABLE_TESTABILITY = YES;
				GCC_C_LANGUAGE_STANDARD = gnu11;
				GCC_DYNAMIC_NO_PIC = NO;
				GCC_NO_COMMON_BLOCKS = YES;
				GCC_OPTIMIZATION_LEVEL = 0;
				GCC_PREPROCESSOR_DEFINITIONS = (
					"DEBUG=1",
					"$(inherited)",
				);
				GCC_WARN_64_TO_32_BIT_CONVERSION = YES;
				GCC_WARN_ABOUT_RETURN_TYPE = YES_ERROR;
				GCC_WARN_UNDECLARED_SELECTOR = YES;
				GCC_WARN_UNINITIALIZED_AUTOS = YES_AGGRESSIVE;
				GCC_WARN_UNUSED_FUNCTION = YES;
				GCC_WARN_UNUSED_VARIABLE = YES;
				IPHONEOS_DEPLOYMENT_TARGET = 16.4;
				MTL_ENABLE_DEBUG_INFO = INCLUDE_SOURCE;
				MTL_FAST_MATH = YES;
				ONLY_ACTIVE_ARCH = YES;
				SDKROOT = iphoneos;
				SWIFT_ACTIVE_COMPILATION_CONDITIONS = DEBUG;
				SWIFT_OPTIMIZATION_LEVEL = "-Onone";
			};
			name = Debug;
		};
		A07F44AB2A7E739000D393BB /* Release */ = {
			isa = XCBuildConfiguration;
			buildSettings = {
				ALWAYS_SEARCH_USER_PATHS = NO;
				CLANG_ANALYZER_NONNULL = YES;
				CLANG_ANALYZER_NUMBER_OBJECT_CONVERSION = YES_AGGRESSIVE;
				CLANG_CXX_LANGUAGE_STANDARD = "gnu++20";
				CLANG_ENABLE_MODULES = YES;
				CLANG_ENABLE_OBJC_ARC = YES;
				CLANG_ENABLE_OBJC_WEAK = YES;
				CLANG_WARN_BLOCK_CAPTURE_AUTORELEASING = YES;
				CLANG_WARN_BOOL_CONVERSION = YES;
				CLANG_WARN_COMMA = YES;
				CLANG_WARN_CONSTANT_CONVERSION = YES;
				CLANG_WARN_DEPRECATED_OBJC_IMPLEMENTATIONS = YES;
				CLANG_WARN_DIRECT_OBJC_ISA_USAGE = YES_ERROR;
				CLANG_WARN_DOCUMENTATION_COMMENTS = YES;
				CLANG_WARN_EMPTY_BODY = YES;
				CLANG_WARN_ENUM_CONVERSION = YES;
				CLANG_WARN_INFINITE_RECURSION = YES;
				CLANG_WARN_INT_CONVERSION = YES;
				CLANG_WARN_NON_LITERAL_NULL_CONVERSION = YES;
				CLANG_WARN_OBJC_IMPLICIT_RETAIN_SELF = YES;
				CLANG_WARN_OBJC_LITERAL_CONVERSION = YES;
				CLANG_WARN_OBJC_ROOT_CLASS = YES_ERROR;
				CLANG_WARN_QUOTED_INCLUDE_IN_FRAMEWORK_HEADER = YES;
				CLANG_WARN_RANGE_LOOP_ANALYSIS = YES;
				CLANG_WARN_STRICT_PROTOTYPES = YES;
				CLANG_WARN_SUSPICIOUS_MOVE = YES;
				CLANG_WARN_UNGUARDED_AVAILABILITY = YES_AGGRESSIVE;
				CLANG_WARN_UNREACHABLE_CODE = YES;
				CLANG_WARN__DUPLICATE_METHOD_MATCH = YES;
				COPY_PHASE_STRIP = NO;
				DEBUG_INFORMATION_FORMAT = "dwarf-with-dsym";
				ENABLE_NS_ASSERTIONS = NO;
				ENABLE_STRICT_OBJC_MSGSEND = YES;
				GCC_C_LANGUAGE_STANDARD = gnu11;
				GCC_NO_COMMON_BLOCKS = YES;
				GCC_WARN_64_TO_32_BIT_CONVERSION = YES;
				GCC_WARN_ABOUT_RETURN_TYPE = YES_ERROR;
				GCC_WARN_UNDECLARED_SELECTOR = YES;
				GCC_WARN_UNINITIALIZED_AUTOS = YES_AGGRESSIVE;
				GCC_WARN_UNUSED_FUNCTION = YES;
				GCC_WARN_UNUSED_VARIABLE = YES;
				IPHONEOS_DEPLOYMENT_TARGET = 16.4;
				MTL_ENABLE_DEBUG_INFO = NO;
				MTL_FAST_MATH = YES;
				SDKROOT = iphoneos;
				SWIFT_COMPILATION_MODE = wholemodule;
				SWIFT_OPTIMIZATION_LEVEL = "-O";
				VALIDATE_PRODUCT = YES;
			};
			name = Release;
		};
		A07F44AD2A7E739000D393BB /* Debug */ = {
			isa = XCBuildConfiguration;
			buildSettings = {
				ASSETCATALOG_COMPILER_APPICON_NAME = AppIcon;
				ASSETCATALOG_COMPILER_GLOBAL_ACCENT_COLOR_NAME = AccentColor;
				CODE_SIGN_STYLE = Automatic;
				CURRENT_PROJECT_VERSION = 1;
				DEVELOPMENT_ASSET_PATHS = "\"Moonshot/Preview Content\"";
				DEVELOPMENT_TEAM = PY76VYDPK7;
				ENABLE_PREVIEWS = YES;
				GENERATE_INFOPLIST_FILE = YES;
				INFOPLIST_KEY_UIApplicationSceneManifest_Generation = YES;
				INFOPLIST_KEY_UIApplicationSupportsIndirectInputEvents = YES;
				INFOPLIST_KEY_UILaunchScreen_Generation = YES;
				INFOPLIST_KEY_UISupportedInterfaceOrientations = UIInterfaceOrientationPortrait;
				INFOPLIST_KEY_UISupportedInterfaceOrientations_iPad = "UIInterfaceOrientationLandscapeLeft UIInterfaceOrientationLandscapeRight UIInterfaceOrientationPortrait UIInterfaceOrientationPortraitUpsideDown";
				LD_RUNPATH_SEARCH_PATHS = (
					"$(inherited)",
					"@executable_path/Frameworks",
				);
				MARKETING_VERSION = 1.0;
				PRODUCT_BUNDLE_IDENTIFIER = me.lyaskovets.ivan.Moonshot;
				PRODUCT_NAME = "$(TARGET_NAME)";
				SUPPORTED_PLATFORMS = "iphoneos iphonesimulator";
				SUPPORTS_MACCATALYST = NO;
				SUPPORTS_MAC_DESIGNED_FOR_IPHONE_IPAD = NO;
				SWIFT_EMIT_LOC_STRINGS = YES;
				SWIFT_VERSION = 5.0;
				TARGETED_DEVICE_FAMILY = 1;
			};
			name = Debug;
		};
		A07F44AE2A7E739000D393BB /* Release */ = {
			isa = XCBuildConfiguration;
			buildSettings = {
				ASSETCATALOG_COMPILER_APPICON_NAME = AppIcon;
				ASSETCATALOG_COMPILER_GLOBAL_ACCENT_COLOR_NAME = AccentColor;
				CODE_SIGN_STYLE = Automatic;
				CURRENT_PROJECT_VERSION = 1;
				DEVELOPMENT_ASSET_PATHS = "\"Moonshot/Preview Content\"";
				DEVELOPMENT_TEAM = PY76VYDPK7;
				ENABLE_PREVIEWS = YES;
				GENERATE_INFOPLIST_FILE = YES;
				INFOPLIST_KEY_UIApplicationSceneManifest_Generation = YES;
				INFOPLIST_KEY_UIApplicationSupportsIndirectInputEvents = YES;
				INFOPLIST_KEY_UILaunchScreen_Generation = YES;
				INFOPLIST_KEY_UISupportedInterfaceOrientations = UIInterfaceOrientationPortrait;
				INFOPLIST_KEY_UISupportedInterfaceOrientations_iPad = "UIInterfaceOrientationLandscapeLeft UIInterfaceOrientationLandscapeRight UIInterfaceOrientationPortrait UIInterfaceOrientationPortraitUpsideDown";
				LD_RUNPATH_SEARCH_PATHS = (
					"$(inherited)",
					"@executable_path/Frameworks",
				);
				MARKETING_VERSION = 1.0;
				PRODUCT_BUNDLE_IDENTIFIER = me.lyaskovets.ivan.Moonshot;
				PRODUCT_NAME = "$(TARGET_NAME)";
				SUPPORTED_PLATFORMS = "iphoneos iphonesimulator";
				SUPPORTS_MACCATALYST = NO;
				SUPPORTS_MAC_DESIGNED_FOR_IPHONE_IPAD = NO;
				SWIFT_EMIT_LOC_STRINGS = YES;
				SWIFT_VERSION = 5.0;
				TARGETED_DEVICE_FAMILY = 1;
			};
			name = Release;
		};
/* End XCBuildConfiguration section */

/* Begin XCConfigurationList section */
		A07F44992A7E738F00D393BB /* Build configuration list for PBXProject "Moonshot" */ = {
			isa = XCConfigurationList;
			buildConfigurations = (
				A07F44AA2A7E739000D393BB /* Debug */,
				A07F44AB2A7E739000D393BB /* Release */,
			);
			defaultConfigurationIsVisible = 0;
			defaultConfigurationName = Release;
		};
		A07F44AC2A7E739000D393BB /* Build configuration list for PBXNativeTarget "Moonshot" */ = {
			isa = XCConfigurationList;
			buildConfigurations = (
				A07F44AD2A7E739000D393BB /* Debug */,
				A07F44AE2A7E739000D393BB /* Release */,
			);
			defaultConfigurationIsVisible = 0;
			defaultConfigurationName = Release;
		};
/* End XCConfigurationList section */
	};
	rootObject = A07F44962A7E738F00D393BB /* Project object */;
}
